
Microsoft Visual Studio Solution File, Format Version 12.00
# Visual Studio Version 17
VisualStudioVersion = 17.8.34316.72
MinimumVisualStudioVersion = 10.0.40219.1
Project("{2150E333-8FDC-42A3-9474-1A3956D46DE8}") = "src", "src", "{0668C4A5-8D34-4A72-940A-26693525AD91}"
EndProject
Project("{9A19103F-16F7-4668-BE54-9A1E7A4F7556}") = "Web.Api", "src\Trendfy.Api\Web.Api.csproj", "{38309A54-BB84-40F4-A1B0-B9E584727562}"
EndProject
Project("{2150E333-8FDC-42A3-9474-1A3956D46DE8}") = "Infrastruture", "Infrastruture", "{5A3D151F-FD24-47AC-BD4B-790930B28CAA}"
EndProject
Project("{2150E333-8FDC-42A3-9474-1A3956D46DE8}") = "Api", "Api", "{B168A2B5-1023-465D-B5F1-270CFBB058D2}"
EndProject
Project("{2150E333-8FDC-42A3-9474-1A3956D46DE8}") = "Domain", "Domain", "{D0A50BAE-AF18-4101-B18E-A8DF54CC81C4}"
EndProject
Project("{9A19103F-16F7-4668-BE54-9A1E7A4F7556}") = "Infrastructure", "src\Infrastructure\Infrastructure\Infrastructure.csproj", "{27282A7A-DCE6-4636-BB42-5C9314D88916}"
EndProject
Project("{9A19103F-16F7-4668-BE54-9A1E7A4F7556}") = "MusicAssistentAI", "src\Domain\MusicAssistentAI\MusicAssistentAI.csproj", "{2D1DB214-129F-4274-89F3-2A00FCCA5D34}"
EndProject
Project("{9A19103F-16F7-4668-BE54-9A1E7A4F7556}") = "Auth", "src\Domain\Auth\Auth.csproj", "{FD9F90A0-1FA8-4270-924E-601E1C27E94B}"
EndProject
Project("{2150E333-8FDC-42A3-9474-1A3956D46DE8}") = "Solutions Itens", "Solutions Itens", "{F21D105D-E14B-4824-A144-36DA57BE8392}"
	ProjectSection(SolutionItems) = preProject
		cloudbuild.yaml = cloudbuild.yaml
	EndProjectSection
EndProject
Project("{FAE04EC0-301F-11D3-BF4B-00C04F79EFBC}") = "PaymentProvider", "src\Domain\PaymentProvider\PaymentProvider.csproj", "{23A91EB6-70FC-4A98-8874-DCAD7EF2A92E}"
EndProject
Global
	GlobalSection(SolutionConfigurationPlatforms) = preSolution
		Debug|Any CPU = Debug|Any CPU
		Release|Any CPU = Release|Any CPU
	EndGlobalSection
	GlobalSection(ProjectConfigurationPlatforms) = postSolution
		{38309A54-BB84-40F4-A1B0-B9E584727562}.Debug|Any CPU.ActiveCfg = Debug|Any CPU
		{38309A54-BB84-40F4-A1B0-B9E584727562}.Debug|Any CPU.Build.0 = Debug|Any CPU
		{38309A54-BB84-40F4-A1B0-B9E584727562}.Release|Any CPU.ActiveCfg = Release|Any CPU
		{38309A54-BB84-40F4-A1B0-B9E584727562}.Release|Any CPU.Build.0 = Release|Any CPU
		{27282A7A-DCE6-4636-BB42-5C9314D88916}.Debug|Any CPU.ActiveCfg = Debug|Any CPU
		{27282A7A-DCE6-4636-BB42-5C9314D88916}.Debug|Any CPU.Build.0 = Debug|Any CPU
		{27282A7A-DCE6-4636-BB42-5C9314D88916}.Release|Any CPU.ActiveCfg = Release|Any CPU
		{27282A7A-DCE6-4636-BB42-5C9314D88916}.Release|Any CPU.Build.0 = Release|Any CPU
		{2D1DB214-129F-4274-89F3-2A00FCCA5D34}.Debug|Any CPU.ActiveCfg = Debug|Any CPU
		{2D1DB214-129F-4274-89F3-2A00FCCA5D34}.Debug|Any CPU.Build.0 = Debug|Any CPU
		{2D1DB214-129F-4274-89F3-2A00FCCA5D34}.Release|Any CPU.ActiveCfg = Release|Any CPU
		{2D1DB214-129F-4274-89F3-2A00FCCA5D34}.Release|Any CPU.Build.0 = Release|Any CPU
		{FD9F90A0-1FA8-4270-924E-601E1C27E94B}.Debug|Any CPU.ActiveCfg = Debug|Any CPU
		{FD9F90A0-1FA8-4270-924E-601E1C27E94B}.Debug|Any CPU.Build.0 = Debug|Any CPU
		{FD9F90A0-1FA8-4270-924E-601E1C27E94B}.Release|Any CPU.ActiveCfg = Release|Any CPU
		{FD9F90A0-1FA8-4270-924E-601E1C27E94B}.Release|Any CPU.Build.0 = Release|Any CPU
		{23A91EB6-70FC-4A98-8874-DCAD7EF2A92E}.Debug|Any CPU.ActiveCfg = Debug|Any CPU
		{23A91EB6-70FC-4A98-8874-DCAD7EF2A92E}.Debug|Any CPU.Build.0 = Debug|Any CPU
		{23A91EB6-70FC-4A98-8874-DCAD7EF2A92E}.Release|Any CPU.ActiveCfg = Release|Any CPU
		{23A91EB6-70FC-4A98-8874-DCAD7EF2A92E}.Release|Any CPU.Build.0 = Release|Any CPU
	EndGlobalSection
	GlobalSection(SolutionProperties) = preSolution
		HideSolutionNode = FALSE
	EndGlobalSection
	GlobalSection(NestedProjects) = preSolution
		{38309A54-BB84-40F4-A1B0-B9E584727562} = {B168A2B5-1023-465D-B5F1-270CFBB058D2}
		{5A3D151F-FD24-47AC-BD4B-790930B28CAA} = {0668C4A5-8D34-4A72-940A-26693525AD91}
		{B168A2B5-1023-465D-B5F1-270CFBB058D2} = {0668C4A5-8D34-4A72-940A-26693525AD91}
		{D0A50BAE-AF18-4101-B18E-A8DF54CC81C4} = {0668C4A5-8D34-4A72-940A-26693525AD91}
		{27282A7A-DCE6-4636-BB42-5C9314D88916} = {5A3D151F-FD24-47AC-BD4B-790930B28CAA}
		{2D1DB214-129F-4274-89F3-2A00FCCA5D34} = {D0A50BAE-AF18-4101-B18E-A8DF54CC81C4}
		{FD9F90A0-1FA8-4270-924E-601E1C27E94B} = {D0A50BAE-AF18-4101-B18E-A8DF54CC81C4}
		{23A91EB6-70FC-4A98-8874-DCAD7EF2A92E} = {D0A50BAE-AF18-4101-B18E-A8DF54CC81C4}
	EndGlobalSection
	GlobalSection(ExtensibilityGlobals) = postSolution
		SolutionGuid = {8006B904-23A6-4830-BF01-D9D5BEDA3A10}
	EndGlobalSection
EndGlobal
