
Microsoft Visual Studio Solution File, Format Version 12.00
# Visual Studio Version 17
VisualStudioVersion = 17.8.34316.72
MinimumVisualStudioVersion = 10.0.40219.1
Project("{FAE04EC0-301F-11D3-BF4B-00C04F79EFBC}") = "Api", "Trendfy.Api\Api.csproj", "{93FF2996-D002-42E4-B6EC-84C4BF34D26F}"
EndProject
Project("{2150E333-8FDC-42A3-9474-1A3956D46DE8}") = "src", "src", "{0668C4A5-8D34-4A72-940A-26693525AD91}"
EndProject
Project("{2150E333-8FDC-42A3-9474-1A3956D46DE8}") = "tests", "tests", "{39EAED2E-458E-489F-9857-67E1CAB5590B}"
EndProject
Project("{FAE04EC0-301F-11D3-BF4B-00C04F79EFBC}") = "MusicManager", "MusicManager\MusicManager.csproj", "{585A888C-3DCD-46D4-9B4A-835972ABE5AA}"
EndProject
Project("{2150E333-8FDC-42A3-9474-1A3956D46DE8}") = "Solutions Itens", "Solutions Itens", "{A608CEF3-177E-4A4A-B91F-2FE2F782DD59}"
EndProject
Global
	GlobalSection(SolutionConfigurationPlatforms) = preSolution
		Debug|Any CPU = Debug|Any CPU
		Release|Any CPU = Release|Any CPU
	EndGlobalSection
	GlobalSection(ProjectConfigurationPlatforms) = postSolution
		{93FF2996-D002-42E4-B6EC-84C4BF34D26F}.Debug|Any CPU.ActiveCfg = Debug|Any CPU
		{93FF2996-D002-42E4-B6EC-84C4BF34D26F}.Debug|Any CPU.Build.0 = Debug|Any CPU
		{93FF2996-D002-42E4-B6EC-84C4BF34D26F}.Release|Any CPU.ActiveCfg = Release|Any CPU
		{93FF2996-D002-42E4-B6EC-84C4BF34D26F}.Release|Any CPU.Build.0 = Release|Any CPU
		{585A888C-3DCD-46D4-9B4A-835972ABE5AA}.Debug|Any CPU.ActiveCfg = Debug|Any CPU
		{585A888C-3DCD-46D4-9B4A-835972ABE5AA}.Debug|Any CPU.Build.0 = Debug|Any CPU
		{585A888C-3DCD-46D4-9B4A-835972ABE5AA}.Release|Any CPU.ActiveCfg = Release|Any CPU
		{585A888C-3DCD-46D4-9B4A-835972ABE5AA}.Release|Any CPU.Build.0 = Release|Any CPU
	EndGlobalSection
	GlobalSection(SolutionProperties) = preSolution
		HideSolutionNode = FALSE
	EndGlobalSection
	GlobalSection(NestedProjects) = preSolution
		{93FF2996-D002-42E4-B6EC-84C4BF34D26F} = {0668C4A5-8D34-4A72-940A-26693525AD91}
		{585A888C-3DCD-46D4-9B4A-835972ABE5AA} = {0668C4A5-8D34-4A72-940A-26693525AD91}
	EndGlobalSection
	GlobalSection(ExtensibilityGlobals) = postSolution
		SolutionGuid = {8006B904-23A6-4830-BF01-D9D5BEDA3A10}
	EndGlobalSection
EndGlobal
