
Microsoft Visual Studio Solution File, Format Version 12.00
# Visual Studio Version 17
VisualStudioVersion = 17.8.34316.72
MinimumVisualStudioVersion = 10.0.40219.1
Project("{2150E333-8FDC-42A3-9474-1A3956D46DE8}") = "src", "src", "{0668C4A5-8D34-4A72-940A-26693525AD91}"
EndProject
Project("{2150E333-8FDC-42A3-9474-1A3956D46DE8}") = "tests", "tests", "{39EAED2E-458E-489F-9857-67E1CAB5590B}"
EndProject
Project("{2150E333-8FDC-42A3-9474-1A3956D46DE8}") = "Solutions Itens", "Solutions Itens", "{A608CEF3-177E-4A4A-B91F-2FE2F782DD59}"
	ProjectSection(SolutionItems) = preProject
		..\README.md = ..\README.md
	EndProjectSection
EndProject
Project("{9A19103F-16F7-4668-BE54-9A1E7A4F7556}") = "Web.Api", "..\src\Trendfy.Api\Web.Api.csproj", "{A86D25E1-B0EA-43A9-B262-771E62AECED2}"
EndProject
Project("{9A19103F-16F7-4668-BE54-9A1E7A4F7556}") = "MusicManager", "..\src\MusicManager\MusicManager.csproj", "{F88FAE28-2FD7-40EE-9559-CA5F5C1E423F}"
EndProject
Project("{2150E333-8FDC-42A3-9474-1A3956D46DE8}") = "Core", "Core", "{CFDB21BE-5821-48FD-AFF3-E990B6925734}"
EndProject
Project("{2150E333-8FDC-42A3-9474-1A3956D46DE8}") = "Infrastruture", "Infrastruture", "{9D5DAAF3-B2F7-4139-9E11-962B88096178}"
EndProject
Project("{2150E333-8FDC-42A3-9474-1A3956D46DE8}") = "Api", "Api", "{3B4F6ED9-7BAE-4CB6-9DEF-194C7DFE2B0C}"
EndProject
Project("{9A19103F-16F7-4668-BE54-9A1E7A4F7556}") = "Entities", "..\src\Infrastructure\Entities\Entities.csproj", "{03DE7ABF-FEAB-416E-815B-D0BD37CC457C}"
EndProject
Project("{9A19103F-16F7-4668-BE54-9A1E7A4F7556}") = "Repository", "..\src\Infrastructure\Repositories\Repositories\Repository.csproj", "{674888D2-C0AF-44DB-9CA6-1DE7567FDB2C}"
EndProject
Project("{2150E333-8FDC-42A3-9474-1A3956D46DE8}") = "Libraries", "Libraries", "{1183B196-B92E-4ED6-8D29-E53646415E08}"
EndProject
Project("{9A19103F-16F7-4668-BE54-9A1E7A4F7556}") = "Accessor", "..\src\Infrastructure\Libraries\Accessor\Accessor.csproj", "{9765084E-7D7F-4713-B1CD-46054C0CD497}"
EndProject
Project("{9A19103F-16F7-4668-BE54-9A1E7A4F7556}") = "Core", "..\src\Infrastructure\Libraries\Core\Core.csproj", "{94D7987C-AEE4-4FE3-86DF-D424F2382644}"
EndProject
Global
	GlobalSection(SolutionConfigurationPlatforms) = preSolution
		Debug|Any CPU = Debug|Any CPU
		Release|Any CPU = Release|Any CPU
	EndGlobalSection
	GlobalSection(ProjectConfigurationPlatforms) = postSolution
		{A86D25E1-B0EA-43A9-B262-771E62AECED2}.Debug|Any CPU.ActiveCfg = Debug|Any CPU
		{A86D25E1-B0EA-43A9-B262-771E62AECED2}.Debug|Any CPU.Build.0 = Debug|Any CPU
		{A86D25E1-B0EA-43A9-B262-771E62AECED2}.Release|Any CPU.ActiveCfg = Release|Any CPU
		{A86D25E1-B0EA-43A9-B262-771E62AECED2}.Release|Any CPU.Build.0 = Release|Any CPU
		{F88FAE28-2FD7-40EE-9559-CA5F5C1E423F}.Debug|Any CPU.ActiveCfg = Debug|Any CPU
		{F88FAE28-2FD7-40EE-9559-CA5F5C1E423F}.Debug|Any CPU.Build.0 = Debug|Any CPU
		{F88FAE28-2FD7-40EE-9559-CA5F5C1E423F}.Release|Any CPU.ActiveCfg = Release|Any CPU
		{F88FAE28-2FD7-40EE-9559-CA5F5C1E423F}.Release|Any CPU.Build.0 = Release|Any CPU
		{03DE7ABF-FEAB-416E-815B-D0BD37CC457C}.Debug|Any CPU.ActiveCfg = Debug|Any CPU
		{03DE7ABF-FEAB-416E-815B-D0BD37CC457C}.Debug|Any CPU.Build.0 = Debug|Any CPU
		{03DE7ABF-FEAB-416E-815B-D0BD37CC457C}.Release|Any CPU.ActiveCfg = Release|Any CPU
		{03DE7ABF-FEAB-416E-815B-D0BD37CC457C}.Release|Any CPU.Build.0 = Release|Any CPU
		{674888D2-C0AF-44DB-9CA6-1DE7567FDB2C}.Debug|Any CPU.ActiveCfg = Debug|Any CPU
		{674888D2-C0AF-44DB-9CA6-1DE7567FDB2C}.Debug|Any CPU.Build.0 = Debug|Any CPU
		{674888D2-C0AF-44DB-9CA6-1DE7567FDB2C}.Release|Any CPU.ActiveCfg = Release|Any CPU
		{674888D2-C0AF-44DB-9CA6-1DE7567FDB2C}.Release|Any CPU.Build.0 = Release|Any CPU
		{9765084E-7D7F-4713-B1CD-46054C0CD497}.Debug|Any CPU.ActiveCfg = Debug|Any CPU
		{9765084E-7D7F-4713-B1CD-46054C0CD497}.Debug|Any CPU.Build.0 = Debug|Any CPU
		{9765084E-7D7F-4713-B1CD-46054C0CD497}.Release|Any CPU.ActiveCfg = Release|Any CPU
		{9765084E-7D7F-4713-B1CD-46054C0CD497}.Release|Any CPU.Build.0 = Release|Any CPU
		{94D7987C-AEE4-4FE3-86DF-D424F2382644}.Debug|Any CPU.ActiveCfg = Debug|Any CPU
		{94D7987C-AEE4-4FE3-86DF-D424F2382644}.Debug|Any CPU.Build.0 = Debug|Any CPU
		{94D7987C-AEE4-4FE3-86DF-D424F2382644}.Release|Any CPU.ActiveCfg = Release|Any CPU
		{94D7987C-AEE4-4FE3-86DF-D424F2382644}.Release|Any CPU.Build.0 = Release|Any CPU
	EndGlobalSection
	GlobalSection(SolutionProperties) = preSolution
		HideSolutionNode = FALSE
	EndGlobalSection
	GlobalSection(NestedProjects) = preSolution
		{A86D25E1-B0EA-43A9-B262-771E62AECED2} = {3B4F6ED9-7BAE-4CB6-9DEF-194C7DFE2B0C}
		{F88FAE28-2FD7-40EE-9559-CA5F5C1E423F} = {CFDB21BE-5821-48FD-AFF3-E990B6925734}
		{CFDB21BE-5821-48FD-AFF3-E990B6925734} = {0668C4A5-8D34-4A72-940A-26693525AD91}
		{9D5DAAF3-B2F7-4139-9E11-962B88096178} = {0668C4A5-8D34-4A72-940A-26693525AD91}
		{3B4F6ED9-7BAE-4CB6-9DEF-194C7DFE2B0C} = {0668C4A5-8D34-4A72-940A-26693525AD91}
		{03DE7ABF-FEAB-416E-815B-D0BD37CC457C} = {9D5DAAF3-B2F7-4139-9E11-962B88096178}
		{674888D2-C0AF-44DB-9CA6-1DE7567FDB2C} = {9D5DAAF3-B2F7-4139-9E11-962B88096178}
		{1183B196-B92E-4ED6-8D29-E53646415E08} = {9D5DAAF3-B2F7-4139-9E11-962B88096178}
		{9765084E-7D7F-4713-B1CD-46054C0CD497} = {1183B196-B92E-4ED6-8D29-E53646415E08}
		{94D7987C-AEE4-4FE3-86DF-D424F2382644} = {1183B196-B92E-4ED6-8D29-E53646415E08}
	EndGlobalSection
	GlobalSection(ExtensibilityGlobals) = postSolution
		SolutionGuid = {8006B904-23A6-4830-BF01-D9D5BEDA3A10}
	EndGlobalSection
EndGlobal
